// !$*UTF8*$!
{
	archiveVersion = 1;
	classes = {
	};
	objectVersion = 53;
	objects = {

/* Begin PBXBuildFile section */
		3A7F0FE725D6ECEB00D16F44 /* FileManager_in_SwiftUIApp.swift in Sources */ = {isa = PBXBuildFile; fileRef = 3A7F0FE625D6ECEB00D16F44 /* FileManager_in_SwiftUIApp.swift */; };
		3A7F0FE925D6ECEB00D16F44 /* ContentView.swift in Sources */ = {isa = PBXBuildFile; fileRef = 3A7F0FE825D6ECEB00D16F44 /* ContentView.swift */; };
		3A7F0FEB25D6ECED00D16F44 /* Assets.xcassets in Resources */ = {isa = PBXBuildFile; fileRef = 3A7F0FEA25D6ECED00D16F44 /* Assets.xcassets */; };
		3A7F0FEE25D6ECED00D16F44 /* Preview Assets.xcassets in Resources */ = {isa = PBXBuildFile; fileRef = 3A7F0FED25D6ECED00D16F44 /* Preview Assets.xcassets */; };
		3A88756225E8297400A4705A /* DataProvider.swift in Sources */ = {isa = PBXBuildFile; fileRef = 3A88756125E8297400A4705A /* DataProvider.swift */; };
		3A88756625E82A9300A4705A /* Note.swift in Sources */ = {isa = PBXBuildFile; fileRef = 3A88756525E82A9300A4705A /* Note.swift */; };
		97E2828B29E6C97A00452E45 /* PreviewUtils.swift in Sources */ = {isa = PBXBuildFile; fileRef = 97E2828A29E6C97A00452E45 /* PreviewUtils.swift */; };
		97E2828E29E6D97500452E45 /* StorageManager.swift in Sources */ = {isa = PBXBuildFile; fileRef = 97E2828D29E6D97500452E45 /* StorageManager.swift */; };
		97E2829029E6D98500452E45 /* TaggedNote.swift in Sources */ = {isa = PBXBuildFile; fileRef = 97E2828F29E6D98500452E45 /* TaggedNote.swift */; };
		97E2829629E6DFD900452E45 /* NMAUtilities in Frameworks */ = {isa = PBXBuildFile; productRef = 97E2829529E6DFD900452E45 /* NMAUtilities */; };
		97E282BB29E711E700452E45 /* Tag.swift in Sources */ = {isa = PBXBuildFile; fileRef = 97E282BA29E711E700452E45 /* Tag.swift */; };
		97E282BD29E711EC00452E45 /* TagManager.swift in Sources */ = {isa = PBXBuildFile; fileRef = 97E282BC29E711EC00452E45 /* TagManager.swift */; };
		97E282BF29E7123300452E45 /* FileManager+Extensions.swift in Sources */ = {isa = PBXBuildFile; fileRef = 97E282BE29E7123300452E45 /* FileManager+Extensions.swift */; };
		97E282C229E74A8200452E45 /* Utility.swift in Sources */ = {isa = PBXBuildFile; fileRef = 97E282C129E74A8200452E45 /* Utility.swift */; };
		97E282C429E7511F00452E45 /* OGStuff.swift in Sources */ = {isa = PBXBuildFile; fileRef = 97E282C329E7511E00452E45 /* OGStuff.swift */; };
		97E282C629E753C000452E45 /* User.swift in Sources */ = {isa = PBXBuildFile; fileRef = 97E282C529E753C000452E45 /* User.swift */; };
		97E282C829E757D000452E45 /* String+Extensions.swift in Sources */ = {isa = PBXBuildFile; fileRef = 97E282C729E757D000452E45 /* String+Extensions.swift */; };
/* End PBXBuildFile section */

/* Begin PBXFileReference section */
		3A7F0FE325D6ECEB00D16F44 /* FileManager in SwiftUI.app */ = {isa = PBXFileReference; explicitFileType = wrapper.application; includeInIndex = 0; path = "FileManager in SwiftUI.app"; sourceTree = BUILT_PRODUCTS_DIR; };
		3A7F0FE625D6ECEB00D16F44 /* FileManager_in_SwiftUIApp.swift */ = {isa = PBXFileReference; lastKnownFileType = sourcecode.swift; path = FileManager_in_SwiftUIApp.swift; sourceTree = "<group>"; };
		3A7F0FE825D6ECEB00D16F44 /* ContentView.swift */ = {isa = PBXFileReference; lastKnownFileType = sourcecode.swift; path = ContentView.swift; sourceTree = "<group>"; };
		3A7F0FEA25D6ECED00D16F44 /* Assets.xcassets */ = {isa = PBXFileReference; lastKnownFileType = folder.assetcatalog; path = Assets.xcassets; sourceTree = "<group>"; };
		3A7F0FED25D6ECED00D16F44 /* Preview Assets.xcassets */ = {isa = PBXFileReference; lastKnownFileType = folder.assetcatalog; path = "Preview Assets.xcassets"; sourceTree = "<group>"; };
		3A7F0FEF25D6ECED00D16F44 /* Info.plist */ = {isa = PBXFileReference; lastKnownFileType = text.plist.xml; path = Info.plist; sourceTree = "<group>"; };
		3A88756125E8297400A4705A /* DataProvider.swift */ = {isa = PBXFileReference; lastKnownFileType = sourcecode.swift; path = DataProvider.swift; sourceTree = "<group>"; };
		3A88756525E82A9300A4705A /* Note.swift */ = {isa = PBXFileReference; lastKnownFileType = sourcecode.swift; path = Note.swift; sourceTree = "<group>"; };
		97E2828A29E6C97A00452E45 /* PreviewUtils.swift */ = {isa = PBXFileReference; lastKnownFileType = sourcecode.swift; path = PreviewUtils.swift; sourceTree = "<group>"; };
		97E2828D29E6D97500452E45 /* StorageManager.swift */ = {isa = PBXFileReference; lastKnownFileType = sourcecode.swift; path = StorageManager.swift; sourceTree = "<group>"; };
		97E2828F29E6D98500452E45 /* TaggedNote.swift */ = {isa = PBXFileReference; lastKnownFileType = sourcecode.swift; path = TaggedNote.swift; sourceTree = "<group>"; };
		97E282BA29E711E700452E45 /* Tag.swift */ = {isa = PBXFileReference; lastKnownFileType = sourcecode.swift; path = Tag.swift; sourceTree = "<group>"; };
		97E282BC29E711EC00452E45 /* TagManager.swift */ = {isa = PBXFileReference; lastKnownFileType = sourcecode.swift; path = TagManager.swift; sourceTree = "<group>"; };
		97E282BE29E7123300452E45 /* FileManager+Extensions.swift */ = {isa = PBXFileReference; lastKnownFileType = sourcecode.swift; path = "FileManager+Extensions.swift"; sourceTree = "<group>"; };
		97E282C129E74A8200452E45 /* Utility.swift */ = {isa = PBXFileReference; lastKnownFileType = sourcecode.swift; path = Utility.swift; sourceTree = "<group>"; };
		97E282C329E7511E00452E45 /* OGStuff.swift */ = {isa = PBXFileReference; lastKnownFileType = sourcecode.swift; path = OGStuff.swift; sourceTree = "<group>"; };
		97E282C529E753C000452E45 /* User.swift */ = {isa = PBXFileReference; lastKnownFileType = sourcecode.swift; path = User.swift; sourceTree = "<group>"; };
		97E282C729E757D000452E45 /* String+Extensions.swift */ = {isa = PBXFileReference; lastKnownFileType = sourcecode.swift; path = "String+Extensions.swift"; sourceTree = "<group>"; };
/* End PBXFileReference section */

/* Begin PBXFrameworksBuildPhase section */
		3A7F0FE025D6ECEB00D16F44 /* Frameworks */ = {
			isa = PBXFrameworksBuildPhase;
			buildActionMask = 2147483647;
			files = (
				97E2829629E6DFD900452E45 /* NMAUtilities in Frameworks */,
			);
			runOnlyForDeploymentPostprocessing = 0;
		};
/* End PBXFrameworksBuildPhase section */

/* Begin PBXGroup section */
		3A1F1BDE25EAADCD006739C2 /* Models */ = {
			isa = PBXGroup;
			children = (
				3A88756125E8297400A4705A /* DataProvider.swift */,
				97E282C529E753C000452E45 /* User.swift */,
				97E2828D29E6D97500452E45 /* StorageManager.swift */,
				3A88756525E82A9300A4705A /* Note.swift */,
				97E2828F29E6D98500452E45 /* TaggedNote.swift */,
				97E282BA29E711E700452E45 /* Tag.swift */,
				97E282BC29E711EC00452E45 /* TagManager.swift */,
			);
			path = Models;
			sourceTree = "<group>";
		};
		3A1F1BE025EAADDC006739C2 /* Views */ = {
			isa = PBXGroup;
			children = (
				3A7F0FE825D6ECEB00D16F44 /* ContentView.swift */,
			);
			path = Views;
			sourceTree = "<group>";
		};
		3A7F0FDA25D6ECEB00D16F44 = {
			isa = PBXGroup;
			children = (
				3A7F0FE525D6ECEB00D16F44 /* FileManager in SwiftUI */,
				3A7F0FE425D6ECEB00D16F44 /* Products */,
			);
			sourceTree = "<group>";
		};
		3A7F0FE425D6ECEB00D16F44 /* Products */ = {
			isa = PBXGroup;
			children = (
				3A7F0FE325D6ECEB00D16F44 /* FileManager in SwiftUI.app */,
			);
			name = Products;
			sourceTree = "<group>";
		};
		3A7F0FE525D6ECEB00D16F44 /* FileManager in SwiftUI */ = {
			isa = PBXGroup;
			children = (
				97E282C129E74A8200452E45 /* Utility.swift */,
				3A7F0FE625D6ECEB00D16F44 /* FileManager_in_SwiftUIApp.swift */,
				97E282C329E7511E00452E45 /* OGStuff.swift */,
				97E2828C29E6CA2200452E45 /* Extensions */,
				3A1F1BDE25EAADCD006739C2 /* Models */,
				3A1F1BE025EAADDC006739C2 /* Views */,
				97E282C029E7214200452E45 /* Resources */,
				3A7F0FEC25D6ECED00D16F44 /* Preview Content */,
			);
			path = "FileManager in SwiftUI";
			sourceTree = "<group>";
		};
		3A7F0FEC25D6ECED00D16F44 /* Preview Content */ = {
			isa = PBXGroup;
			children = (
				97E2828A29E6C97A00452E45 /* PreviewUtils.swift */,
				3A7F0FED25D6ECED00D16F44 /* Preview Assets.xcassets */,
			);
			path = "Preview Content";
			sourceTree = "<group>";
		};
		97E2828C29E6CA2200452E45 /* Extensions */ = {
			isa = PBXGroup;
			children = (
				97E282BE29E7123300452E45 /* FileManager+Extensions.swift */,
				97E282C729E757D000452E45 /* String+Extensions.swift */,
			);
			path = Extensions;
			sourceTree = "<group>";
		};
		97E282C029E7214200452E45 /* Resources */ = {
			isa = PBXGroup;
			children = (
				3A7F0FEF25D6ECED00D16F44 /* Info.plist */,
				3A7F0FEA25D6ECED00D16F44 /* Assets.xcassets */,
			);
			name = Resources;
			sourceTree = "<group>";
		};
/* End PBXGroup section */

/* Begin PBXNativeTarget section */
		3A7F0FE225D6ECEB00D16F44 /* FileManager in SwiftUI */ = {
			isa = PBXNativeTarget;
			buildConfigurationList = 3A7F0FF225D6ECED00D16F44 /* Build configuration list for PBXNativeTarget "FileManager in SwiftUI" */;
			buildPhases = (
				3A7F0FDF25D6ECEB00D16F44 /* Sources */,
				3A7F0FE025D6ECEB00D16F44 /* Frameworks */,
				3A7F0FE125D6ECEB00D16F44 /* Resources */,
			);
			buildRules = (
			);
			dependencies = (
			);
			name = "FileManager in SwiftUI";
			packageProductDependencies = (
				97E2829529E6DFD900452E45 /* NMAUtilities */,
			);
			productName = "FileManager in SwiftUI";
			productReference = 3A7F0FE325D6ECEB00D16F44 /* FileManager in SwiftUI.app */;
			productType = "com.apple.product-type.application";
		};
/* End PBXNativeTarget section */

/* Begin PBXProject section */
		3A7F0FDB25D6ECEB00D16F44 /* Project object */ = {
			isa = PBXProject;
			attributes = {
				BuildIndependentTargetsInParallel = YES;
				LastSwiftUpdateCheck = 1240;
				LastUpgradeCheck = 1430;
				TargetAttributes = {
					3A7F0FE225D6ECEB00D16F44 = {
						CreatedOnToolsVersion = 12.4;
					};
				};
			};
			buildConfigurationList = 3A7F0FDE25D6ECEB00D16F44 /* Build configuration list for PBXProject "FileManager in SwiftUI" */;
			compatibilityVersion = "Xcode 9.3";
			developmentRegion = en;
			hasScannedForEncodings = 0;
			knownRegions = (
				en,
				Base,
			);
			mainGroup = 3A7F0FDA25D6ECEB00D16F44;
			packageReferences = (
				97E2829429E6DFD900452E45 /* XCRemoteSwiftPackageReference "NMAUtilities" */,
			);
			productRefGroup = 3A7F0FE425D6ECEB00D16F44 /* Products */;
			projectDirPath = "";
			projectRoot = "";
			targets = (
				3A7F0FE225D6ECEB00D16F44 /* FileManager in SwiftUI */,
			);
		};
/* End PBXProject section */

/* Begin PBXResourcesBuildPhase section */
		3A7F0FE125D6ECEB00D16F44 /* Resources */ = {
			isa = PBXResourcesBuildPhase;
			buildActionMask = 2147483647;
			files = (
				3A7F0FEE25D6ECED00D16F44 /* Preview Assets.xcassets in Resources */,
				3A7F0FEB25D6ECED00D16F44 /* Assets.xcassets in Resources */,
			);
			runOnlyForDeploymentPostprocessing = 0;
		};
/* End PBXResourcesBuildPhase section */

/* Begin PBXSourcesBuildPhase section */
		3A7F0FDF25D6ECEB00D16F44 /* Sources */ = {
			isa = PBXSourcesBuildPhase;
			buildActionMask = 2147483647;
			files = (
				97E282C629E753C000452E45 /* User.swift in Sources */,
				97E282BB29E711E700452E45 /* Tag.swift in Sources */,
				3A88756225E8297400A4705A /* DataProvider.swift in Sources */,
				97E282C429E7511F00452E45 /* OGStuff.swift in Sources */,
				3A7F0FE925D6ECEB00D16F44 /* ContentView.swift in Sources */,
				97E282C229E74A8200452E45 /* Utility.swift in Sources */,
				97E2828B29E6C97A00452E45 /* PreviewUtils.swift in Sources */,
				97E282BD29E711EC00452E45 /* TagManager.swift in Sources */,
				97E282C829E757D000452E45 /* String+Extensions.swift in Sources */,
				97E2828E29E6D97500452E45 /* StorageManager.swift in Sources */,
				97E2829029E6D98500452E45 /* TaggedNote.swift in Sources */,
				97E282BF29E7123300452E45 /* FileManager+Extensions.swift in Sources */,
				3A7F0FE725D6ECEB00D16F44 /* FileManager_in_SwiftUIApp.swift in Sources */,
				3A88756625E82A9300A4705A /* Note.swift in Sources */,
			);
			runOnlyForDeploymentPostprocessing = 0;
		};
/* End PBXSourcesBuildPhase section */

/* Begin XCBuildConfiguration section */
		3A7F0FF025D6ECED00D16F44 /* Debug */ = {
			isa = XCBuildConfiguration;
			buildSettings = {
				ALWAYS_SEARCH_USER_PATHS = NO;
				CLANG_ANALYZER_NONNULL = YES;
				CLANG_ANALYZER_NUMBER_OBJECT_CONVERSION = YES_AGGRESSIVE;
				CLANG_CXX_LANGUAGE_STANDARD = "gnu++14";
				CLANG_CXX_LIBRARY = "libc++";
				CLANG_ENABLE_MODULES = YES;
				CLANG_ENABLE_OBJC_ARC = YES;
				CLANG_ENABLE_OBJC_WEAK = YES;
				CLANG_WARN_BLOCK_CAPTURE_AUTORELEASING = YES;
				CLANG_WARN_BOOL_CONVERSION = YES;
				CLANG_WARN_COMMA = YES;
				CLANG_WARN_CONSTANT_CONVERSION = YES;
				CLANG_WARN_DEPRECATED_OBJC_IMPLEMENTATIONS = YES;
				CLANG_WARN_DIRECT_OBJC_ISA_USAGE = YES_ERROR;
				CLANG_WARN_DOCUMENTATION_COMMENTS = YES;
				CLANG_WARN_EMPTY_BODY = YES;
				CLANG_WARN_ENUM_CONVERSION = YES;
				CLANG_WARN_INFINITE_RECURSION = YES;
				CLANG_WARN_INT_CONVERSION = YES;
				CLANG_WARN_NON_LITERAL_NULL_CONVERSION = YES;
				CLANG_WARN_OBJC_IMPLICIT_RETAIN_SELF = YES;
				CLANG_WARN_OBJC_LITERAL_CONVERSION = YES;
				CLANG_WARN_OBJC_ROOT_CLASS = YES_ERROR;
				CLANG_WARN_QUOTED_INCLUDE_IN_FRAMEWORK_HEADER = YES;
				CLANG_WARN_RANGE_LOOP_ANALYSIS = YES;
				CLANG_WARN_STRICT_PROTOTYPES = YES;
				CLANG_WARN_SUSPICIOUS_MOVE = YES;
				CLANG_WARN_UNGUARDED_AVAILABILITY = YES_AGGRESSIVE;
				CLANG_WARN_UNREACHABLE_CODE = YES;
				CLANG_WARN__DUPLICATE_METHOD_MATCH = YES;
				COPY_PHASE_STRIP = NO;
				DEBUG_INFORMATION_FORMAT = dwarf;
				ENABLE_STRICT_OBJC_MSGSEND = YES;
				ENABLE_TESTABILITY = YES;
				GCC_C_LANGUAGE_STANDARD = gnu11;
				GCC_DYNAMIC_NO_PIC = NO;
				GCC_NO_COMMON_BLOCKS = YES;
				GCC_OPTIMIZATION_LEVEL = 0;
				GCC_PREPROCESSOR_DEFINITIONS = (
					"DEBUG=1",
					"$(inherited)",
				);
				GCC_WARN_64_TO_32_BIT_CONVERSION = YES;
				GCC_WARN_ABOUT_RETURN_TYPE = YES_ERROR;
				GCC_WARN_UNDECLARED_SELECTOR = YES;
				GCC_WARN_UNINITIALIZED_AUTOS = YES_AGGRESSIVE;
				GCC_WARN_UNUSED_FUNCTION = YES;
				GCC_WARN_UNUSED_VARIABLE = YES;
				IPHONEOS_DEPLOYMENT_TARGET = 16.0;
				MTL_ENABLE_DEBUG_INFO = INCLUDE_SOURCE;
				MTL_FAST_MATH = YES;
				ONLY_ACTIVE_ARCH = YES;
				SDKROOT = iphoneos;
				SWIFT_ACTIVE_COMPILATION_CONDITIONS = DEBUG;
				SWIFT_OPTIMIZATION_LEVEL = "-Onone";
				SWIFT_VERSION = 5.0;
			};
			name = Debug;
		};
		3A7F0FF125D6ECED00D16F44 /* Release */ = {
			isa = XCBuildConfiguration;
			buildSettings = {
				ALWAYS_SEARCH_USER_PATHS = NO;
				CLANG_ANALYZER_NONNULL = YES;
				CLANG_ANALYZER_NUMBER_OBJECT_CONVERSION = YES_AGGRESSIVE;
				CLANG_CXX_LANGUAGE_STANDARD = "gnu++14";
				CLANG_CXX_LIBRARY = "libc++";
				CLANG_ENABLE_MODULES = YES;
				CLANG_ENABLE_OBJC_ARC = YES;
				CLANG_ENABLE_OBJC_WEAK = YES;
				CLANG_WARN_BLOCK_CAPTURE_AUTORELEASING = YES;
				CLANG_WARN_BOOL_CONVERSION = YES;
				CLANG_WARN_COMMA = YES;
				CLANG_WARN_CONSTANT_CONVERSION = YES;
				CLANG_WARN_DEPRECATED_OBJC_IMPLEMENTATIONS = YES;
				CLANG_WARN_DIRECT_OBJC_ISA_USAGE = YES_ERROR;
				CLANG_WARN_DOCUMENTATION_COMMENTS = YES;
				CLANG_WARN_EMPTY_BODY = YES;
				CLANG_WARN_ENUM_CONVERSION = YES;
				CLANG_WARN_INFINITE_RECURSION = YES;
				CLANG_WARN_INT_CONVERSION = YES;
				CLANG_WARN_NON_LITERAL_NULL_CONVERSION = YES;
				CLANG_WARN_OBJC_IMPLICIT_RETAIN_SELF = YES;
				CLANG_WARN_OBJC_LITERAL_CONVERSION = YES;
				CLANG_WARN_OBJC_ROOT_CLASS = YES_ERROR;
				CLANG_WARN_QUOTED_INCLUDE_IN_FRAMEWORK_HEADER = YES;
				CLANG_WARN_RANGE_LOOP_ANALYSIS = YES;
				CLANG_WARN_STRICT_PROTOTYPES = YES;
				CLANG_WARN_SUSPICIOUS_MOVE = YES;
				CLANG_WARN_UNGUARDED_AVAILABILITY = YES_AGGRESSIVE;
				CLANG_WARN_UNREACHABLE_CODE = YES;
				CLANG_WARN__DUPLICATE_METHOD_MATCH = YES;
				COPY_PHASE_STRIP = NO;
				DEBUG_INFORMATION_FORMAT = "dwarf-with-dsym";
				ENABLE_NS_ASSERTIONS = NO;
				ENABLE_STRICT_OBJC_MSGSEND = YES;
				GCC_C_LANGUAGE_STANDARD = gnu11;
				GCC_NO_COMMON_BLOCKS = YES;
				GCC_WARN_64_TO_32_BIT_CONVERSION = YES;
				GCC_WARN_ABOUT_RETURN_TYPE = YES_ERROR;
				GCC_WARN_UNDECLARED_SELECTOR = YES;
				GCC_WARN_UNINITIALIZED_AUTOS = YES_AGGRESSIVE;
				GCC_WARN_UNUSED_FUNCTION = YES;
				GCC_WARN_UNUSED_VARIABLE = YES;
				IPHONEOS_DEPLOYMENT_TARGET = 16.0;
				MTL_ENABLE_DEBUG_INFO = NO;
				MTL_FAST_MATH = YES;
				SDKROOT = iphoneos;
				SWIFT_COMPILATION_MODE = wholemodule;
				SWIFT_OPTIMIZATION_LEVEL = "-O";
				SWIFT_VERSION = 5.0;
				VALIDATE_PRODUCT = YES;
			};
			name = Release;
		};
		3A7F0FF325D6ECED00D16F44 /* Debug */ = {
			isa = XCBuildConfiguration;
			buildSettings = {
				ASSETCATALOG_COMPILER_APPICON_NAME = AppIcon;
				ASSETCATALOG_COMPILER_GLOBAL_ACCENT_COLOR_NAME = AccentColor;
				CODE_SIGN_STYLE = Automatic;
				CURRENT_PROJECT_VERSION = 1;
				DEVELOPMENT_ASSET_PATHS = "\"FileManager in SwiftUI/Preview Content\"";
				DEVELOPMENT_TEAM = 4DHQU43U3E;
				ENABLE_PREVIEWS = YES;
				INFOPLIST_FILE = "FileManager in SwiftUI/Info.plist";
				INFOPLIST_KEY_CFBundleDisplayName = "FileManager Ex";
				IPHONEOS_DEPLOYMENT_TARGET = 16.0;
				LD_RUNPATH_SEARCH_PATHS = (
					"$(inherited)",
					"@executable_path/Frameworks",
				);
				MARKETING_VERSION = 2.0.0;
				PRODUCT_BUNDLE_IDENTIFIER = "com.notmoniapps.example.canbalkaya.FileManager-in-SwiftUI";
				PRODUCT_NAME = "$(TARGET_NAME)";
				SWIFT_VERSION = 5.0;
				TARGETED_DEVICE_FAMILY = 1;
			};
			name = Debug;
		};
		3A7F0FF425D6ECED00D16F44 /* Release */ = {
			isa = XCBuildConfiguration;
			buildSettings = {
				ASSETCATALOG_COMPILER_APPICON_NAME = AppIcon;
				ASSETCATALOG_COMPILER_GLOBAL_ACCENT_COLOR_NAME = AccentColor;
				CODE_SIGN_STYLE = Automatic;
				CURRENT_PROJECT_VERSION = 1;
				DEVELOPMENT_ASSET_PATHS = "\"FileManager in SwiftUI/Preview Content\"";
				DEVELOPMENT_TEAM = 4DHQU43U3E;
				ENABLE_PREVIEWS = YES;
				INFOPLIST_FILE = "FileManager in SwiftUI/Info.plist";
				INFOPLIST_KEY_CFBundleDisplayName = "FileManager Ex";
				IPHONEOS_DEPLOYMENT_TARGET = 16.0;
				LD_RUNPATH_SEARCH_PATHS = (
					"$(inherited)",
					"@executable_path/Frameworks",
				);
				MARKETING_VERSION = 2.0.0;
				PRODUCT_BUNDLE_IDENTIFIER = "com.notmoniapps.example.canbalkaya.FileManager-in-SwiftUI";
				PRODUCT_NAME = "$(TARGET_NAME)";
				SWIFT_VERSION = 5.0;
				TARGETED_DEVICE_FAMILY = 1;
			};
			name = Release;
		};
/* End XCBuildConfiguration section */

/* Begin XCConfigurationList section */
		3A7F0FDE25D6ECEB00D16F44 /* Build configuration list for PBXProject "FileManager in SwiftUI" */ = {
			isa = XCConfigurationList;
			buildConfigurations = (
				3A7F0FF025D6ECED00D16F44 /* Debug */,
				3A7F0FF125D6ECED00D16F44 /* Release */,
			);
			defaultConfigurationIsVisible = 0;
			defaultConfigurationName = Release;
		};
		3A7F0FF225D6ECED00D16F44 /* Build configuration list for PBXNativeTarget "FileManager in SwiftUI" */ = {
			isa = XCConfigurationList;
			buildConfigurations = (
				3A7F0FF325D6ECED00D16F44 /* Debug */,
				3A7F0FF425D6ECED00D16F44 /* Release */,
			);
			defaultConfigurationIsVisible = 0;
			defaultConfigurationName = Release;
		};
/* End XCConfigurationList section */

/* Begin XCRemoteSwiftPackageReference section */
		97E2829429E6DFD900452E45 /* XCRemoteSwiftPackageReference "NMAUtilities" */ = {
			isa = XCRemoteSwiftPackageReference;
			repositoryURL = "https://github.com/mmr118/NMAUtilities";
			requirement = {
				kind = exactVersion;
				version = 0.0.5;
			};
		};
/* End XCRemoteSwiftPackageReference section */

/* Begin XCSwiftPackageProductDependency section */
		97E2829529E6DFD900452E45 /* NMAUtilities */ = {
			isa = XCSwiftPackageProductDependency;
			package = 97E2829429E6DFD900452E45 /* XCRemoteSwiftPackageReference "NMAUtilities" */;
			productName = NMAUtilities;
		};
/* End XCSwiftPackageProductDependency section */
	};
	rootObject = 3A7F0FDB25D6ECEB00D16F44 /* Project object */;
}
