{
  "pins" : [
    {
      "identity" : "nmautilities",
      "kind" : "remoteSourceControl",
      "location" : "https://github.com/mmr118/NMAUtilities",
      "state" : {
        "revision" : "c96798367dc375d49dbee92ca858d95bb1076290",
        "version" : "0.0.5"
      }
    }
  ],
  "version" : 2
}
